
Microsoft Visual Studio Solution File, Format Version 12.00
# Visual Studio Version 17
VisualStudioVersion = 17.14.36915.13 d17.14
MinimumVisualStudioVersion = 10.0.40219.1
Project("{888888A0-9F3D-457C-B088-3A5042F75D52}") = "diacorrect", "diacorrect\diacorrect.pyproj", "{E52B7C77-4DBB-4DCE-9082-948775BCA8ED}"
EndProject
Project("{888888A0-9F3D-457C-B088-3A5042F75D52}") = "fixscan", "fixscan\fixscan.pyproj", "{E0147065-866E-460D-87E3-1CE7DBD90D88}"
EndProject
Project("{888888A0-9F3D-457C-B088-3A5042F75D52}") = "kloeke-repair", "kloeke-repair\kloeke-repair.pyproj", "{48362EF7-61D5-4815-85B6-BF8AB9F19036}"
EndProject
Project("{888888A0-9F3D-457C-B088-3A5042F75D52}") = "wald", "wald\wald.pyproj", "{57BEC585-8D5C-4B18-B655-7AF7D18C60D4}"
EndProject
Project("{888888A0-9F3D-457C-B088-3A5042F75D52}") = "wbd", "wbd\wbd.pyproj", "{A6C3239A-BCAF-4905-97FF-9F3D22AA4223}"
EndProject
Project("{888888A0-9F3D-457C-B088-3A5042F75D52}") = "wgd", "wgd\wgd.pyproj", "{83E78210-CB49-432C-B609-02982BD30970}"
EndProject
Project("{888888A0-9F3D-457C-B088-3A5042F75D52}") = "wld", "wld\wld.pyproj", "{B2D57CB1-040B-45A8-B6A7-B32699FC1114}"
EndProject
Project("{888888A0-9F3D-457C-B088-3A5042F75D52}") = "wldfix", "wldfix\wldfix.pyproj", "{C8C41500-A8FC-4016-9632-7DFD2488F638}"
EndProject
Project("{2150E333-8FDC-42A3-9474-1A3956D46DE8}") = "Solution Items", "Solution Items", "{B1BCEB34-A505-462E-8F1F-704EC47B6187}"
EndProject
Global
	GlobalSection(SolutionConfigurationPlatforms) = preSolution
		Debug|Any CPU = Debug|Any CPU
		Release|Any CPU = Release|Any CPU
	EndGlobalSection
	GlobalSection(ProjectConfigurationPlatforms) = postSolution
		{E52B7C77-4DBB-4DCE-9082-948775BCA8ED}.Debug|Any CPU.ActiveCfg = Debug|Any CPU
		{E52B7C77-4DBB-4DCE-9082-948775BCA8ED}.Release|Any CPU.ActiveCfg = Release|Any CPU
		{E0147065-866E-460D-87E3-1CE7DBD90D88}.Debug|Any CPU.ActiveCfg = Debug|Any CPU
		{E0147065-866E-460D-87E3-1CE7DBD90D88}.Release|Any CPU.ActiveCfg = Release|Any CPU
		{48362EF7-61D5-4815-85B6-BF8AB9F19036}.Debug|Any CPU.ActiveCfg = Debug|Any CPU
		{48362EF7-61D5-4815-85B6-BF8AB9F19036}.Release|Any CPU.ActiveCfg = Release|Any CPU
		{5CFDDD00-42D9-490F-842D-71CCE5D772DA}.Debug|Any CPU.ActiveCfg = Debug|Any CPU
		{5CFDDD00-42D9-490F-842D-71CCE5D772DA}.Debug|Any CPU.Build.0 = Debug|Any CPU
		{5CFDDD00-42D9-490F-842D-71CCE5D772DA}.Release|Any CPU.ActiveCfg = Release|Any CPU
		{5CFDDD00-42D9-490F-842D-71CCE5D772DA}.Release|Any CPU.Build.0 = Release|Any CPU
		{A6C3239A-BCAF-4905-97FF-9F3D22AA4223}.Debug|Any CPU.ActiveCfg = Debug|Any CPU
		{A6C3239A-BCAF-4905-97FF-9F3D22AA4223}.Debug|Any CPU.Build.0 = Debug|Any CPU
		{A6C3239A-BCAF-4905-97FF-9F3D22AA4223}.Release|Any CPU.ActiveCfg = Release|Any CPU
		{A6C3239A-BCAF-4905-97FF-9F3D22AA4223}.Release|Any CPU.Build.0 = Release|Any CPU
		{83E78210-CB49-432C-B609-02982BD30970}.Debug|Any CPU.ActiveCfg = Debug|Any CPU
		{83E78210-CB49-432C-B609-02982BD30970}.Debug|Any CPU.Build.0 = Debug|Any CPU
		{83E78210-CB49-432C-B609-02982BD30970}.Release|Any CPU.ActiveCfg = Release|Any CPU
		{83E78210-CB49-432C-B609-02982BD30970}.Release|Any CPU.Build.0 = Release|Any CPU
		{B2D57CB1-040B-45A8-B6A7-B32699FC1114}.Debug|Any CPU.ActiveCfg = Debug|Any CPU
		{B2D57CB1-040B-45A8-B6A7-B32699FC1114}.Debug|Any CPU.Build.0 = Debug|Any CPU
		{B2D57CB1-040B-45A8-B6A7-B32699FC1114}.Release|Any CPU.ActiveCfg = Release|Any CPU
		{B2D57CB1-040B-45A8-B6A7-B32699FC1114}.Release|Any CPU.Build.0 = Release|Any CPU
		{C8C41500-A8FC-4016-9632-7DFD2488F638}.Debug|Any CPU.ActiveCfg = Debug|Any CPU
		{C8C41500-A8FC-4016-9632-7DFD2488F638}.Release|Any CPU.ActiveCfg = Release|Any CPU
		{57BEC585-8D5C-4B18-B655-7AF7D18C60D4}.Debug|Any CPU.ActiveCfg = Debug|Any CPU
		{57BEC585-8D5C-4B18-B655-7AF7D18C60D4}.Release|Any CPU.ActiveCfg = Release|Any CPU
	EndGlobalSection
	GlobalSection(SolutionProperties) = preSolution
		HideSolutionNode = FALSE
	EndGlobalSection
	GlobalSection(ExtensibilityGlobals) = postSolution
		SolutionGuid = {5FE4F088-7EFB-476D-B589-B853CE60F1B7}
	EndGlobalSection
EndGlobal
